
Microsoft Visual Studio Solution File, Format Version 12.00
# Visual Studio 15
VisualStudioVersion = 15.0.26730.16
MinimumVisualStudioVersion = 10.0.40219.1
Project("{FAE04EC0-301F-11D3-BF4B-00C04F79EFBC}") = "ProductManager", "ProductManager\ProductManager.csproj", "{BF18400C-43E2-4E54-9857-29ED1D507C9F}"
EndProject
Global
	GlobalSection(SolutionConfigurationPlatforms) = preSolution
		Debug|Any CPU = Debug|Any CPU
		Release|Any CPU = Release|Any CPU
	EndGlobalSection
	GlobalSection(ProjectConfigurationPlatforms) = postSolution
		{BF18400C-43E2-4E54-9857-29ED1D507C9F}.Debug|Any CPU.ActiveCfg = Debug|Any CPU
		{BF18400C-43E2-4E54-9857-29ED1D507C9F}.Debug|Any CPU.Build.0 = Debug|Any CPU
		{BF18400C-43E2-4E54-9857-29ED1D507C9F}.Release|Any CPU.ActiveCfg = Release|Any CPU
		{BF18400C-43E2-4E54-9857-29ED1D507C9F}.Release|Any CPU.Build.0 = Release|Any CPU
	EndGlobalSection
	GlobalSection(SolutionProperties) = preSolution
		HideSolutionNode = FALSE
	EndGlobalSection
	GlobalSection(ExtensibilityGlobals) = postSolution
		SolutionGuid = {1293652E-7967-47FF-8E7D-6911FE9A28DF}
	EndGlobalSection
EndGlobal
